
Microsoft Visual Studio Solution File, Format Version 12.00
# Visual Studio Version 17
VisualStudioVersion = 17.5.33414.496
MinimumVisualStudioVersion = 10.0.40219.1
Project("{FAE04EC0-301F-11D3-BF4B-00C04F79EFBC}") = "FunctionalPrograms", "FunctionalPrograms.csproj", "{C2DEA44D-41B4-40B1-BE72-8102BB137DAD}"
EndProject
Global
	GlobalSection(SolutionConfigurationPlatforms) = preSolution
		Debug|Any CPU = Debug|Any CPU
		Release|Any CPU = Release|Any CPU
	EndGlobalSection
	GlobalSection(ProjectConfigurationPlatforms) = postSolution
		{C2DEA44D-41B4-40B1-BE72-8102BB137DAD}.Debug|Any CPU.ActiveCfg = Debug|Any CPU
		{C2DEA44D-41B4-40B1-BE72-8102BB137DAD}.Debug|Any CPU.Build.0 = Debug|Any CPU
		{C2DEA44D-41B4-40B1-BE72-8102BB137DAD}.Release|Any CPU.ActiveCfg = Release|Any CPU
		{C2DEA44D-41B4-40B1-BE72-8102BB137DAD}.Release|Any CPU.Build.0 = Release|Any CPU
	EndGlobalSection
	GlobalSection(SolutionProperties) = preSolution
		HideSolutionNode = FALSE
	EndGlobalSection
	GlobalSection(ExtensibilityGlobals) = postSolution
		SolutionGuid = {BBDC25A0-81FA-4860-878F-CE80AEF041A4}
	EndGlobalSection
EndGlobal
